
Microsoft Visual Studio Solution File, Format Version 12.00
# Visual Studio 15
Project("{FAE04EC0-301F-11D3-BF4B-00C04F79EFBC}") = "Assembly-CSharp", "Assembly-CSharp.csproj", "{0592C2E6-DB5E-90CC-DCA5-ABB66A61CA56}"
EndProject
Global
	GlobalSection(SolutionConfigurationPlatforms) = preSolution
		Debug|Any CPU = Debug|Any CPU
		Release|Any CPU = Release|Any CPU
	EndGlobalSection
	GlobalSection(ProjectConfigurationPlatforms) = postSolution
		{0592C2E6-DB5E-90CC-DCA5-ABB66A61CA56}.Debug|Any CPU.ActiveCfg = Debug|Any CPU
		{0592C2E6-DB5E-90CC-DCA5-ABB66A61CA56}.Debug|Any CPU.Build.0 = Debug|Any CPU
		{0592C2E6-DB5E-90CC-DCA5-ABB66A61CA56}.Release|Any CPU.ActiveCfg = Release|Any CPU
		{0592C2E6-DB5E-90CC-DCA5-ABB66A61CA56}.Release|Any CPU.Build.0 = Release|Any CPU
	EndGlobalSection
	GlobalSection(SolutionProperties) = preSolution
		HideSolutionNode = FALSE
	EndGlobalSection
EndGlobal
